
Microsoft Visual Studio Solution File, Format Version 12.00
# Visual Studio Version 16
VisualStudioVersion = 16.0.29806.167
MinimumVisualStudioVersion = 10.0.40219.1
Project("{9A19103F-16F7-4668-BE54-9A1E7A4F7556}") = "Pacific.Web", "Pacific.Web\Pacific.Web.csproj", "{0556C452-5006-41FA-A0BC-CA29E64C4E8C}"
EndProject
Project("{9A19103F-16F7-4668-BE54-9A1E7A4F7556}") = "Pacific.Core", "Pacific.Core\Pacific.Core.csproj", "{C41E0B87-1289-4071-8C4F-6A1A630EE84B}"
EndProject
Project("{9A19103F-16F7-4668-BE54-9A1E7A4F7556}") = "Pacific.UnitTests", "Pacific.UnitTests\Pacific.UnitTests.csproj", "{3432D5CA-9C93-4AFE-BF48-344ED01BA8BB}"
EndProject
Project("{9A19103F-16F7-4668-BE54-9A1E7A4F7556}") = "Parky", "Parky\Parky.csproj", "{00B0BDCB-1EEC-40F5-980B-37204B40539F}"
EndProject
Project("{9A19103F-16F7-4668-BE54-9A1E7A4F7556}") = "Parky.ConsoleTest", "Parky.ConsoleTest\Parky.ConsoleTest.csproj", "{510A0EFF-FED9-463C-B2CF-E81D29DB21DF}"
EndProject
Project("{2150E333-8FDC-42A3-9474-1A3956D46DE8}") = "Tasks", "Tasks", "{D67AF87A-1957-4132-A498-C1A202832EEA}"
EndProject
Project("{2150E333-8FDC-42A3-9474-1A3956D46DE8}") = "ORM", "ORM", "{B2916A1E-DD69-4041-AD5C-5C8AAE0E3C94}"
EndProject
Project("{9A19103F-16F7-4668-BE54-9A1E7A4F7556}") = "Pacific.ORM", "Pacific.ORM\Pacific.ORM.csproj", "{64CC8A16-7979-42ED-8F8B-252F2386DF69}"
EndProject
Project("{9A19103F-16F7-4668-BE54-9A1E7A4F7556}") = "Pacific.ORM.Tests", "Pacific.ORM.Tests\Pacific.ORM.Tests.csproj", "{55ADD7F2-90FD-4764-B15D-D922DB5309BA}"
EndProject
Project("{FAE04EC0-301F-11D3-BF4B-00C04F79EFBC}") = "Task", "Task\Task.csproj", "{C770ED8F-6F5E-4DED-92C6-D5FE544DE764}"
EndProject
Project("{2150E333-8FDC-42A3-9474-1A3956D46DE8}") = "HTTP", "HTTP", "{1DA4473C-2E7E-4212-A5C0-FF14F058F5AB}"
EndProject
Project("{9A19103F-16F7-4668-BE54-9A1E7A4F7556}") = "Pacific.SiteMirror", "Pacific.SiteMirror\Pacific.SiteMirror.csproj", "{1A28538C-2B33-4FDF-A595-21F631602AAC}"
EndProject
Project("{9A19103F-16F7-4668-BE54-9A1E7A4F7556}") = "Pacific.SiteMirrorTests", "Pacific.SiteMirrorTests\Pacific.SiteMirrorTests.csproj", "{CCFF8C41-B8FE-475C-B99A-7ACF546334C3}"
EndProject
Project("{2150E333-8FDC-42A3-9474-1A3956D46DE8}") = "SQL", "SQL", "{D9414AED-DE24-48FB-9A87-BFB82966BEC0}"
EndProject
Project("{00D1A9C2-B5F0-4AF3-8072-F6C62B433612}") = "Northwind", "Northwind\Northwind.sqlproj", "{1052D8ED-072A-49A1-AB65-7F28579D61C1}"
EndProject
Project("{00D1A9C2-B5F0-4AF3-8072-F6C62B433612}") = "Northwind_1_1", "Northwind_1_1\Northwind_1_1.sqlproj", "{A94E7FCE-29C2-4734-93A4-7F3B75C717AD}"
EndProject
Project("{00D1A9C2-B5F0-4AF3-8072-F6C62B433612}") = "Northwind_1_3V", "Northwind_1_3V\Northwind_1_3V.sqlproj", "{8997E797-3B00-4F24-9ECC-5F508B09DC86}"
EndProject
Project("{2150E333-8FDC-42A3-9474-1A3956D46DE8}") = "Serialization", "Serialization", "{244E897B-12B5-404B-B903-9828E58CB9B9}"
EndProject
Project("{FAE04EC0-301F-11D3-BF4B-00C04F79EFBC}") = "Task.Tests", "Task.Tests\Task.Tests.csproj", "{63792722-86D0-4B4A-BFA9-5397C729826C}"
EndProject
Project("{FAE04EC0-301F-11D3-BF4B-00C04F79EFBC}") = "TaskSerialization", "TaskSerialization\TaskSerialization.csproj", "{08442AA4-8BFE-4E49-9FE3-9DC73B12BB46}"
EndProject
Global
	GlobalSection(SolutionConfigurationPlatforms) = preSolution
		Debug|Any CPU = Debug|Any CPU
		Release|Any CPU = Release|Any CPU
	EndGlobalSection
	GlobalSection(ProjectConfigurationPlatforms) = postSolution
		{0556C452-5006-41FA-A0BC-CA29E64C4E8C}.Debug|Any CPU.ActiveCfg = Debug|Any CPU
		{0556C452-5006-41FA-A0BC-CA29E64C4E8C}.Debug|Any CPU.Build.0 = Debug|Any CPU
		{0556C452-5006-41FA-A0BC-CA29E64C4E8C}.Release|Any CPU.ActiveCfg = Release|Any CPU
		{0556C452-5006-41FA-A0BC-CA29E64C4E8C}.Release|Any CPU.Build.0 = Release|Any CPU
		{C41E0B87-1289-4071-8C4F-6A1A630EE84B}.Debug|Any CPU.ActiveCfg = Debug|Any CPU
		{C41E0B87-1289-4071-8C4F-6A1A630EE84B}.Debug|Any CPU.Build.0 = Debug|Any CPU
		{C41E0B87-1289-4071-8C4F-6A1A630EE84B}.Release|Any CPU.ActiveCfg = Release|Any CPU
		{C41E0B87-1289-4071-8C4F-6A1A630EE84B}.Release|Any CPU.Build.0 = Release|Any CPU
		{3432D5CA-9C93-4AFE-BF48-344ED01BA8BB}.Debug|Any CPU.ActiveCfg = Debug|Any CPU
		{3432D5CA-9C93-4AFE-BF48-344ED01BA8BB}.Debug|Any CPU.Build.0 = Debug|Any CPU
		{3432D5CA-9C93-4AFE-BF48-344ED01BA8BB}.Release|Any CPU.ActiveCfg = Release|Any CPU
		{3432D5CA-9C93-4AFE-BF48-344ED01BA8BB}.Release|Any CPU.Build.0 = Release|Any CPU
		{00B0BDCB-1EEC-40F5-980B-37204B40539F}.Debug|Any CPU.ActiveCfg = Debug|Any CPU
		{00B0BDCB-1EEC-40F5-980B-37204B40539F}.Debug|Any CPU.Build.0 = Debug|Any CPU
		{00B0BDCB-1EEC-40F5-980B-37204B40539F}.Release|Any CPU.ActiveCfg = Release|Any CPU
		{00B0BDCB-1EEC-40F5-980B-37204B40539F}.Release|Any CPU.Build.0 = Release|Any CPU
		{510A0EFF-FED9-463C-B2CF-E81D29DB21DF}.Debug|Any CPU.ActiveCfg = Debug|Any CPU
		{510A0EFF-FED9-463C-B2CF-E81D29DB21DF}.Debug|Any CPU.Build.0 = Debug|Any CPU
		{510A0EFF-FED9-463C-B2CF-E81D29DB21DF}.Release|Any CPU.ActiveCfg = Release|Any CPU
		{510A0EFF-FED9-463C-B2CF-E81D29DB21DF}.Release|Any CPU.Build.0 = Release|Any CPU
		{64CC8A16-7979-42ED-8F8B-252F2386DF69}.Debug|Any CPU.ActiveCfg = Debug|Any CPU
		{64CC8A16-7979-42ED-8F8B-252F2386DF69}.Debug|Any CPU.Build.0 = Debug|Any CPU
		{64CC8A16-7979-42ED-8F8B-252F2386DF69}.Release|Any CPU.ActiveCfg = Release|Any CPU
		{64CC8A16-7979-42ED-8F8B-252F2386DF69}.Release|Any CPU.Build.0 = Release|Any CPU
		{55ADD7F2-90FD-4764-B15D-D922DB5309BA}.Debug|Any CPU.ActiveCfg = Debug|Any CPU
		{55ADD7F2-90FD-4764-B15D-D922DB5309BA}.Debug|Any CPU.Build.0 = Debug|Any CPU
		{55ADD7F2-90FD-4764-B15D-D922DB5309BA}.Release|Any CPU.ActiveCfg = Release|Any CPU
		{55ADD7F2-90FD-4764-B15D-D922DB5309BA}.Release|Any CPU.Build.0 = Release|Any CPU
		{C770ED8F-6F5E-4DED-92C6-D5FE544DE764}.Debug|Any CPU.ActiveCfg = Debug|Any CPU
		{C770ED8F-6F5E-4DED-92C6-D5FE544DE764}.Debug|Any CPU.Build.0 = Debug|Any CPU
		{C770ED8F-6F5E-4DED-92C6-D5FE544DE764}.Release|Any CPU.ActiveCfg = Release|Any CPU
		{C770ED8F-6F5E-4DED-92C6-D5FE544DE764}.Release|Any CPU.Build.0 = Release|Any CPU
		{1A28538C-2B33-4FDF-A595-21F631602AAC}.Debug|Any CPU.ActiveCfg = Debug|Any CPU
		{1A28538C-2B33-4FDF-A595-21F631602AAC}.Debug|Any CPU.Build.0 = Debug|Any CPU
		{1A28538C-2B33-4FDF-A595-21F631602AAC}.Release|Any CPU.ActiveCfg = Release|Any CPU
		{1A28538C-2B33-4FDF-A595-21F631602AAC}.Release|Any CPU.Build.0 = Release|Any CPU
		{CCFF8C41-B8FE-475C-B99A-7ACF546334C3}.Debug|Any CPU.ActiveCfg = Debug|Any CPU
		{CCFF8C41-B8FE-475C-B99A-7ACF546334C3}.Debug|Any CPU.Build.0 = Debug|Any CPU
		{CCFF8C41-B8FE-475C-B99A-7ACF546334C3}.Release|Any CPU.ActiveCfg = Release|Any CPU
		{CCFF8C41-B8FE-475C-B99A-7ACF546334C3}.Release|Any CPU.Build.0 = Release|Any CPU
		{1052D8ED-072A-49A1-AB65-7F28579D61C1}.Debug|Any CPU.ActiveCfg = Debug|Any CPU
		{1052D8ED-072A-49A1-AB65-7F28579D61C1}.Debug|Any CPU.Build.0 = Debug|Any CPU
		{1052D8ED-072A-49A1-AB65-7F28579D61C1}.Debug|Any CPU.Deploy.0 = Debug|Any CPU
		{1052D8ED-072A-49A1-AB65-7F28579D61C1}.Release|Any CPU.ActiveCfg = Release|Any CPU
		{1052D8ED-072A-49A1-AB65-7F28579D61C1}.Release|Any CPU.Build.0 = Release|Any CPU
		{1052D8ED-072A-49A1-AB65-7F28579D61C1}.Release|Any CPU.Deploy.0 = Release|Any CPU
		{A94E7FCE-29C2-4734-93A4-7F3B75C717AD}.Debug|Any CPU.ActiveCfg = Debug|Any CPU
		{A94E7FCE-29C2-4734-93A4-7F3B75C717AD}.Debug|Any CPU.Build.0 = Debug|Any CPU
		{A94E7FCE-29C2-4734-93A4-7F3B75C717AD}.Debug|Any CPU.Deploy.0 = Debug|Any CPU
		{A94E7FCE-29C2-4734-93A4-7F3B75C717AD}.Release|Any CPU.ActiveCfg = Release|Any CPU
		{A94E7FCE-29C2-4734-93A4-7F3B75C717AD}.Release|Any CPU.Build.0 = Release|Any CPU
		{A94E7FCE-29C2-4734-93A4-7F3B75C717AD}.Release|Any CPU.Deploy.0 = Release|Any CPU
		{8997E797-3B00-4F24-9ECC-5F508B09DC86}.Debug|Any CPU.ActiveCfg = Debug|Any CPU
		{8997E797-3B00-4F24-9ECC-5F508B09DC86}.Debug|Any CPU.Build.0 = Debug|Any CPU
		{8997E797-3B00-4F24-9ECC-5F508B09DC86}.Debug|Any CPU.Deploy.0 = Debug|Any CPU
		{8997E797-3B00-4F24-9ECC-5F508B09DC86}.Release|Any CPU.ActiveCfg = Release|Any CPU
		{8997E797-3B00-4F24-9ECC-5F508B09DC86}.Release|Any CPU.Build.0 = Release|Any CPU
		{8997E797-3B00-4F24-9ECC-5F508B09DC86}.Release|Any CPU.Deploy.0 = Release|Any CPU
		{63792722-86D0-4B4A-BFA9-5397C729826C}.Debug|Any CPU.ActiveCfg = Debug|Any CPU
		{63792722-86D0-4B4A-BFA9-5397C729826C}.Debug|Any CPU.Build.0 = Debug|Any CPU
		{63792722-86D0-4B4A-BFA9-5397C729826C}.Release|Any CPU.ActiveCfg = Release|Any CPU
		{63792722-86D0-4B4A-BFA9-5397C729826C}.Release|Any CPU.Build.0 = Release|Any CPU
		{08442AA4-8BFE-4E49-9FE3-9DC73B12BB46}.Debug|Any CPU.ActiveCfg = Debug|Any CPU
		{08442AA4-8BFE-4E49-9FE3-9DC73B12BB46}.Debug|Any CPU.Build.0 = Debug|Any CPU
		{08442AA4-8BFE-4E49-9FE3-9DC73B12BB46}.Release|Any CPU.ActiveCfg = Release|Any CPU
		{08442AA4-8BFE-4E49-9FE3-9DC73B12BB46}.Release|Any CPU.Build.0 = Release|Any CPU
	EndGlobalSection
	GlobalSection(SolutionProperties) = preSolution
		HideSolutionNode = FALSE
	EndGlobalSection
	GlobalSection(NestedProjects) = preSolution
		{B2916A1E-DD69-4041-AD5C-5C8AAE0E3C94} = {D67AF87A-1957-4132-A498-C1A202832EEA}
		{64CC8A16-7979-42ED-8F8B-252F2386DF69} = {B2916A1E-DD69-4041-AD5C-5C8AAE0E3C94}
		{55ADD7F2-90FD-4764-B15D-D922DB5309BA} = {B2916A1E-DD69-4041-AD5C-5C8AAE0E3C94}
		{C770ED8F-6F5E-4DED-92C6-D5FE544DE764} = {D67AF87A-1957-4132-A498-C1A202832EEA}
		{1DA4473C-2E7E-4212-A5C0-FF14F058F5AB} = {D67AF87A-1957-4132-A498-C1A202832EEA}
		{1A28538C-2B33-4FDF-A595-21F631602AAC} = {1DA4473C-2E7E-4212-A5C0-FF14F058F5AB}
		{CCFF8C41-B8FE-475C-B99A-7ACF546334C3} = {1DA4473C-2E7E-4212-A5C0-FF14F058F5AB}
		{D9414AED-DE24-48FB-9A87-BFB82966BEC0} = {D67AF87A-1957-4132-A498-C1A202832EEA}
		{1052D8ED-072A-49A1-AB65-7F28579D61C1} = {D9414AED-DE24-48FB-9A87-BFB82966BEC0}
		{A94E7FCE-29C2-4734-93A4-7F3B75C717AD} = {D9414AED-DE24-48FB-9A87-BFB82966BEC0}
		{8997E797-3B00-4F24-9ECC-5F508B09DC86} = {D9414AED-DE24-48FB-9A87-BFB82966BEC0}
		{244E897B-12B5-404B-B903-9828E58CB9B9} = {D67AF87A-1957-4132-A498-C1A202832EEA}
		{63792722-86D0-4B4A-BFA9-5397C729826C} = {244E897B-12B5-404B-B903-9828E58CB9B9}
		{08442AA4-8BFE-4E49-9FE3-9DC73B12BB46} = {244E897B-12B5-404B-B903-9828E58CB9B9}
	EndGlobalSection
	GlobalSection(ExtensibilityGlobals) = postSolution
		SolutionGuid = {1BD17512-E7E7-423F-9D5A-64434F1C2309}
	EndGlobalSection
EndGlobal
